// !$*UTF8*$!
{
	archiveVersion = 1;
	classes = {
	};
	objectVersion = 46;
	objects = {

/* Begin PBXBuildFile section */
		4DCA98081BC2B6A000DD29ED /* AppDelegate.swift in Sources */ = {isa = PBXBuildFile; fileRef = 4DCA98071BC2B6A000DD29ED /* AppDelegate.swift */; };
		4DCA980A1BC2B6A000DD29ED /* ViewController.swift in Sources */ = {isa = PBXBuildFile; fileRef = 4DCA98091BC2B6A000DD29ED /* ViewController.swift */; };
		4DCA980D1BC2B6A000DD29ED /* Main.storyboard in Resources */ = {isa = PBXBuildFile; fileRef = 4DCA980B1BC2B6A000DD29ED /* Main.storyboard */; };
		4DCA98101BC2B6A000DD29ED /* SinaWeiBoProject.xcdatamodeld in Sources */ = {isa = PBXBuildFile; fileRef = 4DCA980E1BC2B6A000DD29ED /* SinaWeiBoProject.xcdatamodeld */; };
		4DCA98121BC2B6A000DD29ED /* Assets.xcassets in Resources */ = {isa = PBXBuildFile; fileRef = 4DCA98111BC2B6A000DD29ED /* Assets.xcassets */; };
		4DCA98151BC2B6A000DD29ED /* LaunchScreen.storyboard in Resources */ = {isa = PBXBuildFile; fileRef = 4DCA98131BC2B6A000DD29ED /* LaunchScreen.storyboard */; };
		4DCA98201BC2B6A000DD29ED /* SinaWeiBoProjectTests.swift in Sources */ = {isa = PBXBuildFile; fileRef = 4DCA981F1BC2B6A000DD29ED /* SinaWeiBoProjectTests.swift */; };
		4DCA982B1BC2B6A000DD29ED /* SinaWeiBoProjectUITests.swift in Sources */ = {isa = PBXBuildFile; fileRef = 4DCA982A1BC2B6A000DD29ED /* SinaWeiBoProjectUITests.swift */; };
/* End PBXBuildFile section */

/* Begin PBXContainerItemProxy section */
		4DCA981C1BC2B6A000DD29ED /* PBXContainerItemProxy */ = {
			isa = PBXContainerItemProxy;
			containerPortal = 4DCA97FC1BC2B6A000DD29ED /* Project object */;
			proxyType = 1;
			remoteGlobalIDString = 4DCA98031BC2B6A000DD29ED;
			remoteInfo = SinaWeiBoProject;
		};
		4DCA98271BC2B6A000DD29ED /* PBXContainerItemProxy */ = {
			isa = PBXContainerItemProxy;
			containerPortal = 4DCA97FC1BC2B6A000DD29ED /* Project object */;
			proxyType = 1;
			remoteGlobalIDString = 4DCA98031BC2B6A000DD29ED;
			remoteInfo = SinaWeiBoProject;
		};
/* End PBXContainerItemProxy section */

/* Begin PBXFileReference section */
		4DCA98041BC2B6A000DD29ED /* SinaWeiBoProject.app */ = {isa = PBXFileReference; explicitFileType = wrapper.application; includeInIndex = 0; path = SinaWeiBoProject.app; sourceTree = BUILT_PRODUCTS_DIR; };
		4DCA98071BC2B6A000DD29ED /* AppDelegate.swift */ = {isa = PBXFileReference; lastKnownFileType = sourcecode.swift; path = AppDelegate.swift; sourceTree = "<group>"; };
		4DCA98091BC2B6A000DD29ED /* ViewController.swift */ = {isa = PBXFileReference; lastKnownFileType = sourcecode.swift; path = ViewController.swift; sourceTree = "<group>"; };
		4DCA980C1BC2B6A000DD29ED /* Base */ = {isa = PBXFileReference; lastKnownFileType = file.storyboard; name = Base; path = Base.lproj/Main.storyboard; sourceTree = "<group>"; };
		4DCA980F1BC2B6A000DD29ED /* SinaWeiBoProject.xcdatamodel */ = {isa = PBXFileReference; lastKnownFileType = wrapper.xcdatamodel; path = SinaWeiBoProject.xcdatamodel; sourceTree = "<group>"; };
		4DCA98111BC2B6A000DD29ED /* Assets.xcassets */ = {isa = PBXFileReference; lastKnownFileType = folder.assetcatalog; path = Assets.xcassets; sourceTree = "<group>"; };
		4DCA98141BC2B6A000DD29ED /* Base */ = {isa = PBXFileReference; lastKnownFileType = file.storyboard; name = Base; path = Base.lproj/LaunchScreen.storyboard; sourceTree = "<group>"; };
		4DCA98161BC2B6A000DD29ED /* Info.plist */ = {isa = PBXFileReference; lastKnownFileType = text.plist.xml; path = Info.plist; sourceTree = "<group>"; };
		4DCA981B1BC2B6A000DD29ED /* SinaWeiBoProjectTests.xctest */ = {isa = PBXFileReference; explicitFileType = wrapper.cfbundle; includeInIndex = 0; path = SinaWeiBoProjectTests.xctest; sourceTree = BUILT_PRODUCTS_DIR; };
		4DCA981F1BC2B6A000DD29ED /* SinaWeiBoProjectTests.swift */ = {isa = PBXFileReference; lastKnownFileType = sourcecode.swift; path = SinaWeiBoProjectTests.swift; sourceTree = "<group>"; };
		4DCA98211BC2B6A000DD29ED /* Info.plist */ = {isa = PBXFileReference; lastKnownFileType = text.plist.xml; path = Info.plist; sourceTree = "<group>"; };
		4DCA98261BC2B6A000DD29ED /* SinaWeiBoProjectUITests.xctest */ = {isa = PBXFileReference; explicitFileType = wrapper.cfbundle; includeInIndex = 0; path = SinaWeiBoProjectUITests.xctest; sourceTree = BUILT_PRODUCTS_DIR; };
		4DCA982A1BC2B6A000DD29ED /* SinaWeiBoProjectUITests.swift */ = {isa = PBXFileReference; lastKnownFileType = sourcecode.swift; path = SinaWeiBoProjectUITests.swift; sourceTree = "<group>"; };
		4DCA982C1BC2B6A000DD29ED /* Info.plist */ = {isa = PBXFileReference; lastKnownFileType = text.plist.xml; path = Info.plist; sourceTree = "<group>"; };
/* End PBXFileReference section */

/* Begin PBXFrameworksBuildPhase section */
		4DCA98011BC2B6A000DD29ED /* Frameworks */ = {
			isa = PBXFrameworksBuildPhase;
			buildActionMask = 2147483647;
			files = (
			);
			runOnlyForDeploymentPostprocessing = 0;
		};
		4DCA98181BC2B6A000DD29ED /* Frameworks */ = {
			isa = PBXFrameworksBuildPhase;
			buildActionMask = 2147483647;
			files = (
			);
			runOnlyForDeploymentPostprocessing = 0;
		};
		4DCA98231BC2B6A000DD29ED /* Frameworks */ = {
			isa = PBXFrameworksBuildPhase;
			buildActionMask = 2147483647;
			files = (
			);
			runOnlyForDeploymentPostprocessing = 0;
		};
/* End PBXFrameworksBuildPhase section */

/* Begin PBXGroup section */
		4DCA97FB1BC2B6A000DD29ED = {
			isa = PBXGroup;
			children = (
				4DCA98061BC2B6A000DD29ED /* SinaWeiBoProject */,
				4DCA981E1BC2B6A000DD29ED /* SinaWeiBoProjectTests */,
				4DCA98291BC2B6A000DD29ED /* SinaWeiBoProjectUITests */,
				4DCA98051BC2B6A000DD29ED /* Products */,
			);
			sourceTree = "<group>";
		};
		4DCA98051BC2B6A000DD29ED /* Products */ = {
			isa = PBXGroup;
			children = (
				4DCA98041BC2B6A000DD29ED /* SinaWeiBoProject.app */,
				4DCA981B1BC2B6A000DD29ED /* SinaWeiBoProjectTests.xctest */,
				4DCA98261BC2B6A000DD29ED /* SinaWeiBoProjectUITests.xctest */,
			);
			name = Products;
			sourceTree = "<group>";
		};
		4DCA98061BC2B6A000DD29ED /* SinaWeiBoProject */ = {
			isa = PBXGroup;
			children = (
				4DCA98071BC2B6A000DD29ED /* AppDelegate.swift */,
				4DCA98091BC2B6A000DD29ED /* ViewController.swift */,
				4DCA980B1BC2B6A000DD29ED /* Main.storyboard */,
				4DCA98111BC2B6A000DD29ED /* Assets.xcassets */,
				4DCA98131BC2B6A000DD29ED /* LaunchScreen.storyboard */,
				4DCA98161BC2B6A000DD29ED /* Info.plist */,
				4DCA980E1BC2B6A000DD29ED /* SinaWeiBoProject.xcdatamodeld */,
			);
			path = SinaWeiBoProject;
			sourceTree = "<group>";
		};
		4DCA981E1BC2B6A000DD29ED /* SinaWeiBoProjectTests */ = {
			isa = PBXGroup;
			children = (
				4DCA981F1BC2B6A000DD29ED /* SinaWeiBoProjectTests.swift */,
				4DCA98211BC2B6A000DD29ED /* Info.plist */,
			);
			path = SinaWeiBoProjectTests;
			sourceTree = "<group>";
		};
		4DCA98291BC2B6A000DD29ED /* SinaWeiBoProjectUITests */ = {
			isa = PBXGroup;
			children = (
				4DCA982A1BC2B6A000DD29ED /* SinaWeiBoProjectUITests.swift */,
				4DCA982C1BC2B6A000DD29ED /* Info.plist */,
			);
			path = SinaWeiBoProjectUITests;
			sourceTree = "<group>";
		};
/* End PBXGroup section */

/* Begin PBXNativeTarget section */
		4DCA98031BC2B6A000DD29ED /* SinaWeiBoProject */ = {
			isa = PBXNativeTarget;
			buildConfigurationList = 4DCA982F1BC2B6A000DD29ED /* Build configuration list for PBXNativeTarget "SinaWeiBoProject" */;
			buildPhases = (
				4DCA98001BC2B6A000DD29ED /* Sources */,
				4DCA98011BC2B6A000DD29ED /* Frameworks */,
				4DCA98021BC2B6A000DD29ED /* Resources */,
			);
			buildRules = (
			);
			dependencies = (
			);
			name = SinaWeiBoProject;
			productName = SinaWeiBoProject;
			productReference = 4DCA98041BC2B6A000DD29ED /* SinaWeiBoProject.app */;
			productType = "com.apple.product-type.application";
		};
		4DCA981A1BC2B6A000DD29ED /* SinaWeiBoProjectTests */ = {
			isa = PBXNativeTarget;
			buildConfigurationList = 4DCA98321BC2B6A000DD29ED /* Build configuration list for PBXNativeTarget "SinaWeiBoProjectTests" */;
			buildPhases = (
				4DCA98171BC2B6A000DD29ED /* Sources */,
				4DCA98181BC2B6A000DD29ED /* Frameworks */,
				4DCA98191BC2B6A000DD29ED /* Resources */,
			);
			buildRules = (
			);
			dependencies = (
				4DCA981D1BC2B6A000DD29ED /* PBXTargetDependency */,
			);
			name = SinaWeiBoProjectTests;
			productName = SinaWeiBoProjectTests;
			productReference = 4DCA981B1BC2B6A000DD29ED /* SinaWeiBoProjectTests.xctest */;
			productType = "com.apple.product-type.bundle.unit-test";
		};
		4DCA98251BC2B6A000DD29ED /* SinaWeiBoProjectUITests */ = {
			isa = PBXNativeTarget;
			buildConfigurationList = 4DCA98351BC2B6A000DD29ED /* Build configuration list for PBXNativeTarget "SinaWeiBoProjectUITests" */;
			buildPhases = (
				4DCA98221BC2B6A000DD29ED /* Sources */,
				4DCA98231BC2B6A000DD29ED /* Frameworks */,
				4DCA98241BC2B6A000DD29ED /* Resources */,
			);
			buildRules = (
			);
			dependencies = (
				4DCA98281BC2B6A000DD29ED /* PBXTargetDependency */,
			);
			name = SinaWeiBoProjectUITests;
			productName = SinaWeiBoProjectUITests;
			productReference = 4DCA98261BC2B6A000DD29ED /* SinaWeiBoProjectUITests.xctest */;
			productType = "com.apple.product-type.bundle.ui-testing";
		};
/* End PBXNativeTarget section */

/* Begin PBXProject section */
		4DCA97FC1BC2B6A000DD29ED /* Project object */ = {
			isa = PBXProject;
			attributes = {
				LastUpgradeCheck = 0700;
				ORGANIZATIONNAME = "房兰峰";
				TargetAttributes = {
					4DCA98031BC2B6A000DD29ED = {
						CreatedOnToolsVersion = 7.0;
					};
					4DCA981A1BC2B6A000DD29ED = {
						CreatedOnToolsVersion = 7.0;
						TestTargetID = 4DCA98031BC2B6A000DD29ED;
					};
					4DCA98251BC2B6A000DD29ED = {
						CreatedOnToolsVersion = 7.0;
						TestTargetID = 4DCA98031BC2B6A000DD29ED;
					};
				};
			};
			buildConfigurationList = 4DCA97FF1BC2B6A000DD29ED /* Build configuration list for PBXProject "SinaWeiBoProject" */;
			compatibilityVersion = "Xcode 3.2";
			developmentRegion = English;
			hasScannedForEncodings = 0;
			knownRegions = (
				en,
				Base,
			);
			mainGroup = 4DCA97FB1BC2B6A000DD29ED;
			productRefGroup = 4DCA98051BC2B6A000DD29ED /* Products */;
			projectDirPath = "";
			projectRoot = "";
			targets = (
				4DCA98031BC2B6A000DD29ED /* SinaWeiBoProject */,
				4DCA981A1BC2B6A000DD29ED /* SinaWeiBoProjectTests */,
				4DCA98251BC2B6A000DD29ED /* SinaWeiBoProjectUITests */,
			);
		};
/* End PBXProject section */

/* Begin PBXResourcesBuildPhase section */
		4DCA98021BC2B6A000DD29ED /* Resources */ = {
			isa = PBXResourcesBuildPhase;
			buildActionMask = 2147483647;
			files = (
				4DCA98151BC2B6A000DD29ED /* LaunchScreen.storyboard in Resources */,
				4DCA98121BC2B6A000DD29ED /* Assets.xcassets in Resources */,
				4DCA980D1BC2B6A000DD29ED /* Main.storyboard in Resources */,
			);
			runOnlyForDeploymentPostprocessing = 0;
		};
		4DCA98191BC2B6A000DD29ED /* Resources */ = {
			isa = PBXResourcesBuildPhase;
			buildActionMask = 2147483647;
			files = (
			);
			runOnlyForDeploymentPostprocessing = 0;
		};
		4DCA98241BC2B6A000DD29ED /* Resources */ = {
			isa = PBXResourcesBuildPhase;
			buildActionMask = 2147483647;
			files = (
			);
			runOnlyForDeploymentPostprocessing = 0;
		};
/* End PBXResourcesBuildPhase section */

/* Begin PBXSourcesBuildPhase section */
		4DCA98001BC2B6A000DD29ED /* Sources */ = {
			isa = PBXSourcesBuildPhase;
			buildActionMask = 2147483647;
			files = (
				4DCA980A1BC2B6A000DD29ED /* ViewController.swift in Sources */,
				4DCA98101BC2B6A000DD29ED /* SinaWeiBoProject.xcdatamodeld in Sources */,
				4DCA98081BC2B6A000DD29ED /* AppDelegate.swift in Sources */,
			);
			runOnlyForDeploymentPostprocessing = 0;
		};
		4DCA98171BC2B6A000DD29ED /* Sources */ = {
			isa = PBXSourcesBuildPhase;
			buildActionMask = 2147483647;
			files = (
				4DCA98201BC2B6A000DD29ED /* SinaWeiBoProjectTests.swift in Sources */,
			);
			runOnlyForDeploymentPostprocessing = 0;
		};
		4DCA98221BC2B6A000DD29ED /* Sources */ = {
			isa = PBXSourcesBuildPhase;
			buildActionMask = 2147483647;
			files = (
				4DCA982B1BC2B6A000DD29ED /* SinaWeiBoProjectUITests.swift in Sources */,
			);
			runOnlyForDeploymentPostprocessing = 0;
		};
/* End PBXSourcesBuildPhase section */

/* Begin PBXTargetDependency section */
		4DCA981D1BC2B6A000DD29ED /* PBXTargetDependency */ = {
			isa = PBXTargetDependency;
			target = 4DCA98031BC2B6A000DD29ED /* SinaWeiBoProject */;
			targetProxy = 4DCA981C1BC2B6A000DD29ED /* PBXContainerItemProxy */;
		};
		4DCA98281BC2B6A000DD29ED /* PBXTargetDependency */ = {
			isa = PBXTargetDependency;
			target = 4DCA98031BC2B6A000DD29ED /* SinaWeiBoProject */;
			targetProxy = 4DCA98271BC2B6A000DD29ED /* PBXContainerItemProxy */;
		};
/* End PBXTargetDependency section */

/* Begin PBXVariantGroup section */
		4DCA980B1BC2B6A000DD29ED /* Main.storyboard */ = {
			isa = PBXVariantGroup;
			children = (
				4DCA980C1BC2B6A000DD29ED /* Base */,
			);
			name = Main.storyboard;
			sourceTree = "<group>";
		};
		4DCA98131BC2B6A000DD29ED /* LaunchScreen.storyboard */ = {
			isa = PBXVariantGroup;
			children = (
				4DCA98141BC2B6A000DD29ED /* Base */,
			);
			name = LaunchScreen.storyboard;
			sourceTree = "<group>";
		};
/* End PBXVariantGroup section */

/* Begin XCBuildConfiguration section */
		4DCA982D1BC2B6A000DD29ED /* Debug */ = {
			isa = XCBuildConfiguration;
			buildSettings = {
				ALWAYS_SEARCH_USER_PATHS = NO;
				CLANG_CXX_LANGUAGE_STANDARD = "gnu++0x";
				CLANG_CXX_LIBRARY = "libc++";
				CLANG_ENABLE_MODULES = YES;
				CLANG_ENABLE_OBJC_ARC = YES;
				CLANG_WARN_BOOL_CONVERSION = YES;
				CLANG_WARN_CONSTANT_CONVERSION = YES;
				CLANG_WARN_DIRECT_OBJC_ISA_USAGE = YES_ERROR;
				CLANG_WARN_EMPTY_BODY = YES;
				CLANG_WARN_ENUM_CONVERSION = YES;
				CLANG_WARN_INT_CONVERSION = YES;
				CLANG_WARN_OBJC_ROOT_CLASS = YES_ERROR;
				CLANG_WARN_UNREACHABLE_CODE = YES;
				CLANG_WARN__DUPLICATE_METHOD_MATCH = YES;
				"CODE_SIGN_IDENTITY[sdk=iphoneos*]" = "iPhone Developer";
				COPY_PHASE_STRIP = NO;
				DEBUG_INFORMATION_FORMAT = dwarf;
				ENABLE_STRICT_OBJC_MSGSEND = YES;
				ENABLE_TESTABILITY = YES;
				GCC_C_LANGUAGE_STANDARD = gnu99;
				GCC_DYNAMIC_NO_PIC = NO;
				GCC_NO_COMMON_BLOCKS = YES;
				GCC_OPTIMIZATION_LEVEL = 0;
				GCC_PREPROCESSOR_DEFINITIONS = (
					"DEBUG=1",
					"$(inherited)",
				);
				GCC_WARN_64_TO_32_BIT_CONVERSION = YES;
				GCC_WARN_ABOUT_RETURN_TYPE = YES_ERROR;
				GCC_WARN_UNDECLARED_SELECTOR = YES;
				GCC_WARN_UNINITIALIZED_AUTOS = YES_AGGRESSIVE;
				GCC_WARN_UNUSED_FUNCTION = YES;
				GCC_WARN_UNUSED_VARIABLE = YES;
				IPHONEOS_DEPLOYMENT_TARGET = 9.0;
				MTL_ENABLE_DEBUG_INFO = YES;
				ONLY_ACTIVE_ARCH = YES;
				SDKROOT = iphoneos;
				SWIFT_OPTIMIZATION_LEVEL = "-Onone";
			};
			name = Debug;
		};
		4DCA982E1BC2B6A000DD29ED /* Release */ = {
			isa = XCBuildConfiguration;
			buildSettings = {
				ALWAYS_SEARCH_USER_PATHS = NO;
				CLANG_CXX_LANGUAGE_STANDARD = "gnu++0x";
				CLANG_CXX_LIBRARY = "libc++";
				CLANG_ENABLE_MODULES = YES;
				CLANG_ENABLE_OBJC_ARC = YES;
				CLANG_WARN_BOOL_CONVERSION = YES;
				CLANG_WARN_CONSTANT_CONVERSION = YES;
				CLANG_WARN_DIRECT_OBJC_ISA_USAGE = YES_ERROR;
				CLANG_WARN_EMPTY_BODY = YES;
				CLANG_WARN_ENUM_CONVERSION = YES;
				CLANG_WARN_INT_CONVERSION = YES;
				CLANG_WARN_OBJC_ROOT_CLASS = YES_ERROR;
				CLANG_WARN_UNREACHABLE_CODE = YES;
				CLANG_WARN__DUPLICATE_METHOD_MATCH = YES;
				"CODE_SIGN_IDENTITY[sdk=iphoneos*]" = "iPhone Developer";
				COPY_PHASE_STRIP = NO;
				DEBUG_INFORMATION_FORMAT = "dwarf-with-dsym";
				ENABLE_NS_ASSERTIONS = NO;
				ENABLE_STRICT_OBJC_MSGSEND = YES;
				GCC_C_LANGUAGE_STANDARD = gnu99;
				GCC_NO_COMMON_BLOCKS = YES;
				GCC_WARN_64_TO_32_BIT_CONVERSION = YES;
				GCC_WARN_ABOUT_RETURN_TYPE = YES_ERROR;
				GCC_WARN_UNDECLARED_SELECTOR = YES;
				GCC_WARN_UNINITIALIZED_AUTOS = YES_AGGRESSIVE;
				GCC_WARN_UNUSED_FUNCTION = YES;
				GCC_WARN_UNUSED_VARIABLE = YES;
				IPHONEOS_DEPLOYMENT_TARGET = 9.0;
				MTL_ENABLE_DEBUG_INFO = NO;
				SDKROOT = iphoneos;
				VALIDATE_PRODUCT = YES;
			};
			name = Release;
		};
		4DCA98301BC2B6A000DD29ED /* Debug */ = {
			isa = XCBuildConfiguration;
			buildSettings = {
				ASSETCATALOG_COMPILER_APPICON_NAME = AppIcon;
				INFOPLIST_FILE = SinaWeiBoProject/Info.plist;
				LD_RUNPATH_SEARCH_PATHS = "$(inherited) @executable_path/Frameworks";
				PRODUCT_BUNDLE_IDENTIFIER = cn.apple.SinaWeiBoProject;
				PRODUCT_NAME = "$(TARGET_NAME)";
			};
			name = Debug;
		};
		4DCA98311BC2B6A000DD29ED /* Release */ = {
			isa = XCBuildConfiguration;
			buildSettings = {
				ASSETCATALOG_COMPILER_APPICON_NAME = AppIcon;
				INFOPLIST_FILE = SinaWeiBoProject/Info.plist;
				LD_RUNPATH_SEARCH_PATHS = "$(inherited) @executable_path/Frameworks";
				PRODUCT_BUNDLE_IDENTIFIER = cn.apple.SinaWeiBoProject;
				PRODUCT_NAME = "$(TARGET_NAME)";
			};
			name = Release;
		};
		4DCA98331BC2B6A000DD29ED /* Debug */ = {
			isa = XCBuildConfiguration;
			buildSettings = {
				BUNDLE_LOADER = "$(TEST_HOST)";
				INFOPLIST_FILE = SinaWeiBoProjectTests/Info.plist;
				LD_RUNPATH_SEARCH_PATHS = "$(inherited) @executable_path/Frameworks @loader_path/Frameworks";
				PRODUCT_BUNDLE_IDENTIFIER = cn.apple.SinaWeiBoProjectTests;
				PRODUCT_NAME = "$(TARGET_NAME)";
				TEST_HOST = "$(BUILT_PRODUCTS_DIR)/SinaWeiBoProject.app/SinaWeiBoProject";
			};
			name = Debug;
		};
		4DCA98341BC2B6A000DD29ED /* Release */ = {
			isa = XCBuildConfiguration;
			buildSettings = {
				BUNDLE_LOADER = "$(TEST_HOST)";
				INFOPLIST_FILE = SinaWeiBoProjectTests/Info.plist;
				LD_RUNPATH_SEARCH_PATHS = "$(inherited) @executable_path/Frameworks @loader_path/Frameworks";
				PRODUCT_BUNDLE_IDENTIFIER = cn.apple.SinaWeiBoProjectTests;
				PRODUCT_NAME = "$(TARGET_NAME)";
				TEST_HOST = "$(BUILT_PRODUCTS_DIR)/SinaWeiBoProject.app/SinaWeiBoProject";
			};
			name = Release;
		};
		4DCA98361BC2B6A000DD29ED /* Debug */ = {
			isa = XCBuildConfiguration;
			buildSettings = {
				INFOPLIST_FILE = SinaWeiBoProjectUITests/Info.plist;
				LD_RUNPATH_SEARCH_PATHS = "$(inherited) @executable_path/Frameworks @loader_path/Frameworks";
				PRODUCT_BUNDLE_IDENTIFIER = cn.apple.SinaWeiBoProjectUITests;
				PRODUCT_NAME = "$(TARGET_NAME)";
				TEST_TARGET_NAME = SinaWeiBoProject;
				USES_XCTRUNNER = YES;
			};
			name = Debug;
		};
		4DCA98371BC2B6A000DD29ED /* Release */ = {
			isa = XCBuildConfiguration;
			buildSettings = {
				INFOPLIST_FILE = SinaWeiBoProjectUITests/Info.plist;
				LD_RUNPATH_SEARCH_PATHS = "$(inherited) @executable_path/Frameworks @loader_path/Frameworks";
				PRODUCT_BUNDLE_IDENTIFIER = cn.apple.SinaWeiBoProjectUITests;
				PRODUCT_NAME = "$(TARGET_NAME)";
				TEST_TARGET_NAME = SinaWeiBoProject;
				USES_XCTRUNNER = YES;
			};
			name = Release;
		};
/* End XCBuildConfiguration section */

/* Begin XCConfigurationList section */
		4DCA97FF1BC2B6A000DD29ED /* Build configuration list for PBXProject "SinaWeiBoProject" */ = {
			isa = XCConfigurationList;
			buildConfigurations = (
				4DCA982D1BC2B6A000DD29ED /* Debug */,
				4DCA982E1BC2B6A000DD29ED /* Release */,
			);
			defaultConfigurationIsVisible = 0;
			defaultConfigurationName = Release;
		};
		4DCA982F1BC2B6A000DD29ED /* Build configuration list for PBXNativeTarget "SinaWeiBoProject" */ = {
			isa = XCConfigurationList;
			buildConfigurations = (
				4DCA98301BC2B6A000DD29ED /* Debug */,
				4DCA98311BC2B6A000DD29ED /* Release */,
			);
			defaultConfigurationIsVisible = 0;
		};
		4DCA98321BC2B6A000DD29ED /* Build configuration list for PBXNativeTarget "SinaWeiBoProjectTests" */ = {
			isa = XCConfigurationList;
			buildConfigurations = (
				4DCA98331BC2B6A000DD29ED /* Debug */,
				4DCA98341BC2B6A000DD29ED /* Release */,
			);
			defaultConfigurationIsVisible = 0;
		};
		4DCA98351BC2B6A000DD29ED /* Build configuration list for PBXNativeTarget "SinaWeiBoProjectUITests" */ = {
			isa = XCConfigurationList;
			buildConfigurations = (
				4DCA98361BC2B6A000DD29ED /* Debug */,
				4DCA98371BC2B6A000DD29ED /* Release */,
			);
			defaultConfigurationIsVisible = 0;
		};
/* End XCConfigurationList section */

/* Begin XCVersionGroup section */
		4DCA980E1BC2B6A000DD29ED /* SinaWeiBoProject.xcdatamodeld */ = {
			isa = XCVersionGroup;
			children = (
				4DCA980F1BC2B6A000DD29ED /* SinaWeiBoProject.xcdatamodel */,
			);
			currentVersion = 4DCA980F1BC2B6A000DD29ED /* SinaWeiBoProject.xcdatamodel */;
			path = SinaWeiBoProject.xcdatamodeld;
			sourceTree = "<group>";
			versionGroupType = wrapper.xcdatamodel;
		};
/* End XCVersionGroup section */
	};
	rootObject = 4DCA97FC1BC2B6A000DD29ED /* Project object */;
}
