// !$*UTF8*$!
{
	archiveVersion = 1;
	classes = {
	};
	objectVersion = 46;
	objects = {

/* Begin PBXBuildFile section */
		4D238D141BCA78D500153FF8 /* NewFeatureViewController.swift in Sources */ = {isa = PBXBuildFile; fileRef = 4D238D131BCA78D500153FF8 /* NewFeatureViewController.swift */; settings = {ASSET_TAGS = (); }; };
		4D238D161BCA958600153FF8 /* WelcomeViewController.swift in Sources */ = {isa = PBXBuildFile; fileRef = 4D238D151BCA958600153FF8 /* WelcomeViewController.swift */; settings = {ASSET_TAGS = (); }; };
		4D3C792D1BC9251900E27EFF /* UserAccount.swift in Sources */ = {isa = PBXBuildFile; fileRef = 4D3C792C1BC9251900E27EFF /* UserAccount.swift */; settings = {ASSET_TAGS = (); }; };
		4D6FDDA21BC79FB8009EA744 /* CommonTools.swift in Sources */ = {isa = PBXBuildFile; fileRef = 4D6FDDA11BC79FB8009EA744 /* CommonTools.swift */; settings = {ASSET_TAGS = (); }; };
		4D6FDDA81BC7D307009EA744 /* OAuthViewController.swift in Sources */ = {isa = PBXBuildFile; fileRef = 4D6FDDA71BC7D307009EA744 /* OAuthViewController.swift */; settings = {ASSET_TAGS = (); }; };
		4D6FDDD41BC7D7C4009EA744 /* NetworkTools.swift in Sources */ = {isa = PBXBuildFile; fileRef = 4D6FDDD31BC7D7C4009EA744 /* NetworkTools.swift */; settings = {ASSET_TAGS = (); }; };
		4D749E371BCE401600EB1BD3 /* StatusForwardCell.swift in Sources */ = {isa = PBXBuildFile; fileRef = 4D749E361BCE401600EB1BD3 /* StatusForwardCell.swift */; settings = {ASSET_TAGS = (); }; };
		4D77F1D41BCCA5C700883682 /* UIButton+Extension.swift in Sources */ = {isa = PBXBuildFile; fileRef = 4D77F1D31BCCA5C700883682 /* UIButton+Extension.swift */; settings = {ASSET_TAGS = (); }; };
		4D7A43D71BCB9FEA002C60AB /* UIView+AutoLayout.swift in Sources */ = {isa = PBXBuildFile; fileRef = 4D7A43D61BCB9FEA002C60AB /* UIView+AutoLayout.swift */; settings = {ASSET_TAGS = (); }; };
		4D7A43D91BCBA202002C60AB /* StatusListViewModel.swift in Sources */ = {isa = PBXBuildFile; fileRef = 4D7A43D81BCBA202002C60AB /* StatusListViewModel.swift */; settings = {ASSET_TAGS = (); }; };
		4D7A43DB1BCBA5BD002C60AB /* Status.swift in Sources */ = {isa = PBXBuildFile; fileRef = 4D7A43DA1BCBA5BD002C60AB /* Status.swift */; settings = {ASSET_TAGS = (); }; };
		4D7A43DE1BCBB89E002C60AB /* StatusCellTopView.swift in Sources */ = {isa = PBXBuildFile; fileRef = 4D7A43DD1BCBB89E002C60AB /* StatusCellTopView.swift */; settings = {ASSET_TAGS = (); }; };
		4D7A43E01BCBB8B3002C60AB /* StatusCellBottomView.swift in Sources */ = {isa = PBXBuildFile; fileRef = 4D7A43DF1BCBB8B3002C60AB /* StatusCellBottomView.swift */; settings = {ASSET_TAGS = (); }; };
		4D7A43E21BCBB8CF002C60AB /* StatusCell.swift in Sources */ = {isa = PBXBuildFile; fileRef = 4D7A43E11BCBB8CF002C60AB /* StatusCell.swift */; settings = {ASSET_TAGS = (); }; };
		4D7A43E51BCBC351002C60AB /* UILabel+Extension.swift in Sources */ = {isa = PBXBuildFile; fileRef = 4D7A43E41BCBC351002C60AB /* UILabel+Extension.swift */; settings = {ASSET_TAGS = (); }; };
		4D7A43E71BCBCC5D002C60AB /* User.swift in Sources */ = {isa = PBXBuildFile; fileRef = 4D7A43E61BCBCC5D002C60AB /* User.swift */; settings = {ASSET_TAGS = (); }; };
		4D7A43E91BCBD8FA002C60AB /* StatusViewModel.swift in Sources */ = {isa = PBXBuildFile; fileRef = 4D7A43E81BCBD8FA002C60AB /* StatusViewModel.swift */; settings = {ASSET_TAGS = (); }; };
		4D93D6441BC35DDF0061F80D /* BaseTableViewController.swift in Sources */ = {isa = PBXBuildFile; fileRef = 4D93D6431BC35DDF0061F80D /* BaseTableViewController.swift */; settings = {ASSET_TAGS = (); }; };
		4DA507D01BCD1A4C00F4F787 /* StatusPictureView.swift in Sources */ = {isa = PBXBuildFile; fileRef = 4DA507CF1BCD1A4C00F4F787 /* StatusPictureView.swift */; settings = {ASSET_TAGS = (); }; };
		4DAA32E61BC76D3200FEDDB4 /* VisitorLoginView.swift in Sources */ = {isa = PBXBuildFile; fileRef = 4DAA32E51BC76D3200FEDDB4 /* VisitorLoginView.swift */; settings = {ASSET_TAGS = (); }; };
		4DC5E0AE1BCA534E00CB3A16 /* UserAccountViewModel.swift in Sources */ = {isa = PBXBuildFile; fileRef = 4DC5E0AD1BCA534E00CB3A16 /* UserAccountViewModel.swift */; settings = {ASSET_TAGS = (); }; };
		4DCA98081BC2B6A000DD29ED /* AppDelegate.swift in Sources */ = {isa = PBXBuildFile; fileRef = 4DCA98071BC2B6A000DD29ED /* AppDelegate.swift */; };
		4DCA98101BC2B6A000DD29ED /* SinaWeiBoProject.xcdatamodeld in Sources */ = {isa = PBXBuildFile; fileRef = 4DCA980E1BC2B6A000DD29ED /* SinaWeiBoProject.xcdatamodeld */; };
		4DCA98121BC2B6A000DD29ED /* Assets.xcassets in Resources */ = {isa = PBXBuildFile; fileRef = 4DCA98111BC2B6A000DD29ED /* Assets.xcassets */; };
		4DCA98151BC2B6A000DD29ED /* LaunchScreen.storyboard in Resources */ = {isa = PBXBuildFile; fileRef = 4DCA98131BC2B6A000DD29ED /* LaunchScreen.storyboard */; };
		4DCA98201BC2B6A000DD29ED /* SinaWeiBoProjectTests.swift in Sources */ = {isa = PBXBuildFile; fileRef = 4DCA981F1BC2B6A000DD29ED /* SinaWeiBoProjectTests.swift */; };
		4DCA982B1BC2B6A000DD29ED /* SinaWeiBoProjectUITests.swift in Sources */ = {isa = PBXBuildFile; fileRef = 4DCA982A1BC2B6A000DD29ED /* SinaWeiBoProjectUITests.swift */; };
		4DCA98491BC2C3BB00DD29ED /* MainTabBarController.swift in Sources */ = {isa = PBXBuildFile; fileRef = 4DCA98481BC2C3BB00DD29ED /* MainTabBarController.swift */; settings = {ASSET_TAGS = (); }; };
		4DCA984D1BC2C3DB00DD29ED /* Discover.storyboard in Resources */ = {isa = PBXBuildFile; fileRef = 4DCA984C1BC2C3DB00DD29ED /* Discover.storyboard */; settings = {ASSET_TAGS = (); }; };
		4DCA984F1BC2C40B00DD29ED /* DiscoverTableViewController.swift in Sources */ = {isa = PBXBuildFile; fileRef = 4DCA984E1BC2C40B00DD29ED /* DiscoverTableViewController.swift */; settings = {ASSET_TAGS = (); }; };
		4DCA98511BC2C42500DD29ED /* HomeTableViewController.swift in Sources */ = {isa = PBXBuildFile; fileRef = 4DCA98501BC2C42500DD29ED /* HomeTableViewController.swift */; settings = {ASSET_TAGS = (); }; };
		4DCA98551BC2C44700DD29ED /* Message.storyboard in Resources */ = {isa = PBXBuildFile; fileRef = 4DCA98541BC2C44700DD29ED /* Message.storyboard */; settings = {ASSET_TAGS = (); }; };
		4DCA98571BC2C45100DD29ED /* MessageTableViewController.swift in Sources */ = {isa = PBXBuildFile; fileRef = 4DCA98561BC2C45100DD29ED /* MessageTableViewController.swift */; settings = {ASSET_TAGS = (); }; };
		4DCA98591BC2C46000DD29ED /* ProfileTableViewController.swift in Sources */ = {isa = PBXBuildFile; fileRef = 4DCA98581BC2C46000DD29ED /* ProfileTableViewController.swift */; settings = {ASSET_TAGS = (); }; };
		4DCA985B1BC2C46900DD29ED /* Profile.storyboard in Resources */ = {isa = PBXBuildFile; fileRef = 4DCA985A1BC2C46900DD29ED /* Profile.storyboard */; settings = {ASSET_TAGS = (); }; };
		4DCA985D1BC2CAE200DD29ED /* MainTabBar.swift in Sources */ = {isa = PBXBuildFile; fileRef = 4DCA985C1BC2CAE200DD29ED /* MainTabBar.swift */; settings = {ASSET_TAGS = (); }; };
		4DCCFD0E1BCE875F00D4C8CB /* StatusNormalCell.swift in Sources */ = {isa = PBXBuildFile; fileRef = 4DCCFD0D1BCE875F00D4C8CB /* StatusNormalCell.swift */; settings = {ASSET_TAGS = (); }; };
		FD52BFD2DAEA00FA978E20BA /* Pods.framework in Frameworks */ = {isa = PBXBuildFile; fileRef = 0294AFB76E1D7A9A65DF8D16 /* Pods.framework */; settings = {ATTRIBUTES = (Weak, ); }; };
/* End PBXBuildFile section */

/* Begin PBXContainerItemProxy section */
		4DCA981C1BC2B6A000DD29ED /* PBXContainerItemProxy */ = {
			isa = PBXContainerItemProxy;
			containerPortal = 4DCA97FC1BC2B6A000DD29ED /* Project object */;
			proxyType = 1;
			remoteGlobalIDString = 4DCA98031BC2B6A000DD29ED;
			remoteInfo = SinaWeiBoProject;
		};
		4DCA98271BC2B6A000DD29ED /* PBXContainerItemProxy */ = {
			isa = PBXContainerItemProxy;
			containerPortal = 4DCA97FC1BC2B6A000DD29ED /* Project object */;
			proxyType = 1;
			remoteGlobalIDString = 4DCA98031BC2B6A000DD29ED;
			remoteInfo = SinaWeiBoProject;
		};
/* End PBXContainerItemProxy section */

/* Begin PBXFileReference section */
		0294AFB76E1D7A9A65DF8D16 /* Pods.framework */ = {isa = PBXFileReference; explicitFileType = wrapper.framework; includeInIndex = 0; path = Pods.framework; sourceTree = BUILT_PRODUCTS_DIR; };
		49293EE0E3774753842CF04C /* Pods.debug.xcconfig */ = {isa = PBXFileReference; includeInIndex = 1; lastKnownFileType = text.xcconfig; name = Pods.debug.xcconfig; path = "Pods/Target Support Files/Pods/Pods.debug.xcconfig"; sourceTree = "<group>"; };
		4D238D131BCA78D500153FF8 /* NewFeatureViewController.swift */ = {isa = PBXFileReference; fileEncoding = 4; lastKnownFileType = sourcecode.swift; path = NewFeatureViewController.swift; sourceTree = "<group>"; };
		4D238D151BCA958600153FF8 /* WelcomeViewController.swift */ = {isa = PBXFileReference; fileEncoding = 4; lastKnownFileType = sourcecode.swift; path = WelcomeViewController.swift; sourceTree = "<group>"; };
		4D3C792C1BC9251900E27EFF /* UserAccount.swift */ = {isa = PBXFileReference; fileEncoding = 4; lastKnownFileType = sourcecode.swift; path = UserAccount.swift; sourceTree = "<group>"; };
		4D6FDDA11BC79FB8009EA744 /* CommonTools.swift */ = {isa = PBXFileReference; fileEncoding = 4; lastKnownFileType = sourcecode.swift; name = CommonTools.swift; path = ../../CommonTools.swift; sourceTree = "<group>"; };
		4D6FDDA71BC7D307009EA744 /* OAuthViewController.swift */ = {isa = PBXFileReference; fileEncoding = 4; lastKnownFileType = sourcecode.swift; path = OAuthViewController.swift; sourceTree = "<group>"; };
		4D6FDDD31BC7D7C4009EA744 /* NetworkTools.swift */ = {isa = PBXFileReference; fileEncoding = 4; lastKnownFileType = sourcecode.swift; path = NetworkTools.swift; sourceTree = "<group>"; };
		4D749E361BCE401600EB1BD3 /* StatusForwardCell.swift */ = {isa = PBXFileReference; fileEncoding = 4; lastKnownFileType = sourcecode.swift; path = StatusForwardCell.swift; sourceTree = "<group>"; };
		4D77F1D31BCCA5C700883682 /* UIButton+Extension.swift */ = {isa = PBXFileReference; fileEncoding = 4; lastKnownFileType = sourcecode.swift; path = "UIButton+Extension.swift"; sourceTree = "<group>"; };
		4D7A43D61BCB9FEA002C60AB /* UIView+AutoLayout.swift */ = {isa = PBXFileReference; fileEncoding = 4; lastKnownFileType = sourcecode.swift; path = "UIView+AutoLayout.swift"; sourceTree = "<group>"; };
		4D7A43D81BCBA202002C60AB /* StatusListViewModel.swift */ = {isa = PBXFileReference; fileEncoding = 4; lastKnownFileType = sourcecode.swift; path = StatusListViewModel.swift; sourceTree = "<group>"; };
		4D7A43DA1BCBA5BD002C60AB /* Status.swift */ = {isa = PBXFileReference; fileEncoding = 4; lastKnownFileType = sourcecode.swift; path = Status.swift; sourceTree = "<group>"; };
		4D7A43DD1BCBB89E002C60AB /* StatusCellTopView.swift */ = {isa = PBXFileReference; fileEncoding = 4; lastKnownFileType = sourcecode.swift; path = StatusCellTopView.swift; sourceTree = "<group>"; };
		4D7A43DF1BCBB8B3002C60AB /* StatusCellBottomView.swift */ = {isa = PBXFileReference; fileEncoding = 4; lastKnownFileType = sourcecode.swift; path = StatusCellBottomView.swift; sourceTree = "<group>"; };
		4D7A43E11BCBB8CF002C60AB /* StatusCell.swift */ = {isa = PBXFileReference; fileEncoding = 4; lastKnownFileType = sourcecode.swift; path = StatusCell.swift; sourceTree = "<group>"; };
		4D7A43E41BCBC351002C60AB /* UILabel+Extension.swift */ = {isa = PBXFileReference; fileEncoding = 4; lastKnownFileType = sourcecode.swift; path = "UILabel+Extension.swift"; sourceTree = "<group>"; };
		4D7A43E61BCBCC5D002C60AB /* User.swift */ = {isa = PBXFileReference; fileEncoding = 4; lastKnownFileType = sourcecode.swift; path = User.swift; sourceTree = "<group>"; };
		4D7A43E81BCBD8FA002C60AB /* StatusViewModel.swift */ = {isa = PBXFileReference; fileEncoding = 4; lastKnownFileType = sourcecode.swift; path = StatusViewModel.swift; sourceTree = "<group>"; };
		4D93D6431BC35DDF0061F80D /* BaseTableViewController.swift */ = {isa = PBXFileReference; fileEncoding = 4; lastKnownFileType = sourcecode.swift; path = BaseTableViewController.swift; sourceTree = "<group>"; };
		4DA507CF1BCD1A4C00F4F787 /* StatusPictureView.swift */ = {isa = PBXFileReference; fileEncoding = 4; lastKnownFileType = sourcecode.swift; path = StatusPictureView.swift; sourceTree = "<group>"; };
		4DAA32E51BC76D3200FEDDB4 /* VisitorLoginView.swift */ = {isa = PBXFileReference; fileEncoding = 4; lastKnownFileType = sourcecode.swift; path = VisitorLoginView.swift; sourceTree = "<group>"; };
		4DC5E0AD1BCA534E00CB3A16 /* UserAccountViewModel.swift */ = {isa = PBXFileReference; fileEncoding = 4; lastKnownFileType = sourcecode.swift; path = UserAccountViewModel.swift; sourceTree = "<group>"; };
		4DCA98041BC2B6A000DD29ED /* SinaWeiBoProject.app */ = {isa = PBXFileReference; explicitFileType = wrapper.application; includeInIndex = 0; path = SinaWeiBoProject.app; sourceTree = BUILT_PRODUCTS_DIR; };
		4DCA98071BC2B6A000DD29ED /* AppDelegate.swift */ = {isa = PBXFileReference; lastKnownFileType = sourcecode.swift; path = AppDelegate.swift; sourceTree = "<group>"; };
		4DCA980F1BC2B6A000DD29ED /* SinaWeiBoProject.xcdatamodel */ = {isa = PBXFileReference; lastKnownFileType = wrapper.xcdatamodel; path = SinaWeiBoProject.xcdatamodel; sourceTree = "<group>"; };
		4DCA98111BC2B6A000DD29ED /* Assets.xcassets */ = {isa = PBXFileReference; lastKnownFileType = folder.assetcatalog; path = Assets.xcassets; sourceTree = "<group>"; };
		4DCA98141BC2B6A000DD29ED /* Base */ = {isa = PBXFileReference; lastKnownFileType = file.storyboard; name = Base; path = Base.lproj/LaunchScreen.storyboard; sourceTree = "<group>"; };
		4DCA98161BC2B6A000DD29ED /* Info.plist */ = {isa = PBXFileReference; lastKnownFileType = text.plist.xml; path = Info.plist; sourceTree = "<group>"; };
		4DCA981B1BC2B6A000DD29ED /* SinaWeiBoProjectTests.xctest */ = {isa = PBXFileReference; explicitFileType = wrapper.cfbundle; includeInIndex = 0; path = SinaWeiBoProjectTests.xctest; sourceTree = BUILT_PRODUCTS_DIR; };
		4DCA981F1BC2B6A000DD29ED /* SinaWeiBoProjectTests.swift */ = {isa = PBXFileReference; lastKnownFileType = sourcecode.swift; path = SinaWeiBoProjectTests.swift; sourceTree = "<group>"; };
		4DCA98211BC2B6A000DD29ED /* Info.plist */ = {isa = PBXFileReference; lastKnownFileType = text.plist.xml; path = Info.plist; sourceTree = "<group>"; };
		4DCA98261BC2B6A000DD29ED /* SinaWeiBoProjectUITests.xctest */ = {isa = PBXFileReference; explicitFileType = wrapper.cfbundle; includeInIndex = 0; path = SinaWeiBoProjectUITests.xctest; sourceTree = BUILT_PRODUCTS_DIR; };
		4DCA982A1BC2B6A000DD29ED /* SinaWeiBoProjectUITests.swift */ = {isa = PBXFileReference; lastKnownFileType = sourcecode.swift; path = SinaWeiBoProjectUITests.swift; sourceTree = "<group>"; };
		4DCA982C1BC2B6A000DD29ED /* Info.plist */ = {isa = PBXFileReference; lastKnownFileType = text.plist.xml; path = Info.plist; sourceTree = "<group>"; };
		4DCA98481BC2C3BB00DD29ED /* MainTabBarController.swift */ = {isa = PBXFileReference; fileEncoding = 4; lastKnownFileType = sourcecode.swift; path = MainTabBarController.swift; sourceTree = "<group>"; };
		4DCA984C1BC2C3DB00DD29ED /* Discover.storyboard */ = {isa = PBXFileReference; fileEncoding = 4; lastKnownFileType = file.storyboard; path = Discover.storyboard; sourceTree = "<group>"; };
		4DCA984E1BC2C40B00DD29ED /* DiscoverTableViewController.swift */ = {isa = PBXFileReference; fileEncoding = 4; lastKnownFileType = sourcecode.swift; path = DiscoverTableViewController.swift; sourceTree = "<group>"; };
		4DCA98501BC2C42500DD29ED /* HomeTableViewController.swift */ = {isa = PBXFileReference; fileEncoding = 4; lastKnownFileType = sourcecode.swift; path = HomeTableViewController.swift; sourceTree = "<group>"; };
		4DCA98541BC2C44700DD29ED /* Message.storyboard */ = {isa = PBXFileReference; fileEncoding = 4; lastKnownFileType = file.storyboard; path = Message.storyboard; sourceTree = "<group>"; };
		4DCA98561BC2C45100DD29ED /* MessageTableViewController.swift */ = {isa = PBXFileReference; fileEncoding = 4; lastKnownFileType = sourcecode.swift; path = MessageTableViewController.swift; sourceTree = "<group>"; };
		4DCA98581BC2C46000DD29ED /* ProfileTableViewController.swift */ = {isa = PBXFileReference; fileEncoding = 4; lastKnownFileType = sourcecode.swift; path = ProfileTableViewController.swift; sourceTree = "<group>"; };
		4DCA985A1BC2C46900DD29ED /* Profile.storyboard */ = {isa = PBXFileReference; fileEncoding = 4; lastKnownFileType = file.storyboard; path = Profile.storyboard; sourceTree = "<group>"; };
		4DCA985C1BC2CAE200DD29ED /* MainTabBar.swift */ = {isa = PBXFileReference; fileEncoding = 4; lastKnownFileType = sourcecode.swift; path = MainTabBar.swift; sourceTree = "<group>"; };
		4DCCFD0D1BCE875F00D4C8CB /* StatusNormalCell.swift */ = {isa = PBXFileReference; fileEncoding = 4; lastKnownFileType = sourcecode.swift; path = StatusNormalCell.swift; sourceTree = "<group>"; };
		D065F32AD54749777CC17D25 /* Pods.release.xcconfig */ = {isa = PBXFileReference; includeInIndex = 1; lastKnownFileType = text.xcconfig; name = Pods.release.xcconfig; path = "Pods/Target Support Files/Pods/Pods.release.xcconfig"; sourceTree = "<group>"; };
/* End PBXFileReference section */

/* Begin PBXFrameworksBuildPhase section */
		4DCA98011BC2B6A000DD29ED /* Frameworks */ = {
			isa = PBXFrameworksBuildPhase;
			buildActionMask = 2147483647;
			files = (
				FD52BFD2DAEA00FA978E20BA /* Pods.framework in Frameworks */,
			);
			runOnlyForDeploymentPostprocessing = 0;
		};
		4DCA98181BC2B6A000DD29ED /* Frameworks */ = {
			isa = PBXFrameworksBuildPhase;
			buildActionMask = 2147483647;
			files = (
			);
			runOnlyForDeploymentPostprocessing = 0;
		};
		4DCA98231BC2B6A000DD29ED /* Frameworks */ = {
			isa = PBXFrameworksBuildPhase;
			buildActionMask = 2147483647;
			files = (
			);
			runOnlyForDeploymentPostprocessing = 0;
		};
/* End PBXFrameworksBuildPhase section */

/* Begin PBXGroup section */
		181C09AD20FD7ADE13955891 /* Frameworks */ = {
			isa = PBXGroup;
			children = (
				0294AFB76E1D7A9A65DF8D16 /* Pods.framework */,
			);
			name = Frameworks;
			sourceTree = "<group>";
		};
		4D238D121BCA789B00153FF8 /* NewFeature */ = {
			isa = PBXGroup;
			children = (
				4D238D131BCA78D500153FF8 /* NewFeatureViewController.swift */,
				4D238D151BCA958600153FF8 /* WelcomeViewController.swift */,
			);
			path = NewFeature;
			sourceTree = "<group>";
		};
		4D3C792B1BC924FB00E27EFF /* Model */ = {
			isa = PBXGroup;
			children = (
				4D3C792C1BC9251900E27EFF /* UserAccount.swift */,
				4D7A43DA1BCBA5BD002C60AB /* Status.swift */,
				4D7A43E61BCBCC5D002C60AB /* User.swift */,
			);
			path = Model;
			sourceTree = "<group>";
		};
		4D6FDDA61BC7D2F9009EA744 /* OAuth */ = {
			isa = PBXGroup;
			children = (
				4D6FDDA71BC7D307009EA744 /* OAuthViewController.swift */,
			);
			path = OAuth;
			sourceTree = "<group>";
		};
		4D6FDDC11BC7D779009EA744 /* Tools */ = {
			isa = PBXGroup;
			children = (
				4D7A43E31BCBC2F8002C60AB /* extensions */,
				4D7A43D61BCB9FEA002C60AB /* UIView+AutoLayout.swift */,
				4D6FDDD31BC7D7C4009EA744 /* NetworkTools.swift */,
				4D6FDDA11BC79FB8009EA744 /* CommonTools.swift */,
			);
			path = Tools;
			sourceTree = "<group>";
		};
		4D7A43DC1BCBB881002C60AB /* StatusCell */ = {
			isa = PBXGroup;
			children = (
				4D7A43E11BCBB8CF002C60AB /* StatusCell.swift */,
				4DCCFD0D1BCE875F00D4C8CB /* StatusNormalCell.swift */,
				4D749E361BCE401600EB1BD3 /* StatusForwardCell.swift */,
				4D7A43DD1BCBB89E002C60AB /* StatusCellTopView.swift */,
				4DA507CF1BCD1A4C00F4F787 /* StatusPictureView.swift */,
				4D7A43DF1BCBB8B3002C60AB /* StatusCellBottomView.swift */,
			);
			path = StatusCell;
			sourceTree = "<group>";
		};
		4D7A43E31BCBC2F8002C60AB /* extensions */ = {
			isa = PBXGroup;
			children = (
				4D7A43E41BCBC351002C60AB /* UILabel+Extension.swift */,
				4D77F1D31BCCA5C700883682 /* UIButton+Extension.swift */,
			);
			path = extensions;
			sourceTree = "<group>";
		};
		4DC5E0AC1BCA532D00CB3A16 /* ViewModel(视图模型) */ = {
			isa = PBXGroup;
			children = (
				4DC5E0AD1BCA534E00CB3A16 /* UserAccountViewModel.swift */,
				4D7A43D81BCBA202002C60AB /* StatusListViewModel.swift */,
				4D7A43E81BCBD8FA002C60AB /* StatusViewModel.swift */,
			);
			path = "ViewModel(视图模型)";
			sourceTree = "<group>";
		};
		4DCA97FB1BC2B6A000DD29ED = {
			isa = PBXGroup;
			children = (
				4DCA98061BC2B6A000DD29ED /* SinaWeiBoProject */,
				4DCA981E1BC2B6A000DD29ED /* SinaWeiBoProjectTests */,
				4DCA98291BC2B6A000DD29ED /* SinaWeiBoProjectUITests */,
				4DCA98051BC2B6A000DD29ED /* Products */,
				63C5144A6C2AF2B4E7360687 /* Pods */,
				181C09AD20FD7ADE13955891 /* Frameworks */,
			);
			sourceTree = "<group>";
		};
		4DCA98051BC2B6A000DD29ED /* Products */ = {
			isa = PBXGroup;
			children = (
				4DCA98041BC2B6A000DD29ED /* SinaWeiBoProject.app */,
				4DCA981B1BC2B6A000DD29ED /* SinaWeiBoProjectTests.xctest */,
				4DCA98261BC2B6A000DD29ED /* SinaWeiBoProjectUITests.xctest */,
			);
			name = Products;
			sourceTree = "<group>";
		};
		4DCA98061BC2B6A000DD29ED /* SinaWeiBoProject */ = {
			isa = PBXGroup;
			children = (
				4DCA983F1BC2C39E00DD29ED /* Classes */,
				4DCA98071BC2B6A000DD29ED /* AppDelegate.swift */,
				4DCA98111BC2B6A000DD29ED /* Assets.xcassets */,
				4DCA98131BC2B6A000DD29ED /* LaunchScreen.storyboard */,
				4DCA98161BC2B6A000DD29ED /* Info.plist */,
				4DCA980E1BC2B6A000DD29ED /* SinaWeiBoProject.xcdatamodeld */,
			);
			path = SinaWeiBoProject;
			sourceTree = "<group>";
		};
		4DCA981E1BC2B6A000DD29ED /* SinaWeiBoProjectTests */ = {
			isa = PBXGroup;
			children = (
				4DCA981F1BC2B6A000DD29ED /* SinaWeiBoProjectTests.swift */,
				4DCA98211BC2B6A000DD29ED /* Info.plist */,
			);
			path = SinaWeiBoProjectTests;
			sourceTree = "<group>";
		};
		4DCA98291BC2B6A000DD29ED /* SinaWeiBoProjectUITests */ = {
			isa = PBXGroup;
			children = (
				4DCA982A1BC2B6A000DD29ED /* SinaWeiBoProjectUITests.swift */,
				4DCA982C1BC2B6A000DD29ED /* Info.plist */,
			);
			path = SinaWeiBoProjectUITests;
			sourceTree = "<group>";
		};
		4DCA983F1BC2C39E00DD29ED /* Classes */ = {
			isa = PBXGroup;
			children = (
				4D6FDDC11BC7D779009EA744 /* Tools */,
				4DC5E0AC1BCA532D00CB3A16 /* ViewModel(视图模型) */,
				4D3C792B1BC924FB00E27EFF /* Model */,
				4DCA98411BC2C39E00DD29ED /* Module */,
			);
			path = Classes;
			sourceTree = "<group>";
		};
		4DCA98411BC2C39E00DD29ED /* Module */ = {
			isa = PBXGroup;
			children = (
				4D238D121BCA789B00153FF8 /* NewFeature */,
				4D6FDDA61BC7D2F9009EA744 /* OAuth */,
				4DCA98441BC2C39E00DD29ED /* Main */,
				4DCA98431BC2C39E00DD29ED /* Home */,
				4DCA98451BC2C39E00DD29ED /* Message */,
				4DCA98421BC2C39E00DD29ED /* Discover */,
				4DCA98461BC2C39E00DD29ED /* Profile */,
			);
			path = Module;
			sourceTree = "<group>";
		};
		4DCA98421BC2C39E00DD29ED /* Discover */ = {
			isa = PBXGroup;
			children = (
				4DCA984C1BC2C3DB00DD29ED /* Discover.storyboard */,
				4DCA984E1BC2C40B00DD29ED /* DiscoverTableViewController.swift */,
			);
			path = Discover;
			sourceTree = "<group>";
		};
		4DCA98431BC2C39E00DD29ED /* Home */ = {
			isa = PBXGroup;
			children = (
				4D7A43DC1BCBB881002C60AB /* StatusCell */,
				4DCA98501BC2C42500DD29ED /* HomeTableViewController.swift */,
			);
			path = Home;
			sourceTree = "<group>";
		};
		4DCA98441BC2C39E00DD29ED /* Main */ = {
			isa = PBXGroup;
			children = (
				4DCA98481BC2C3BB00DD29ED /* MainTabBarController.swift */,
				4DCA985C1BC2CAE200DD29ED /* MainTabBar.swift */,
				4D93D6431BC35DDF0061F80D /* BaseTableViewController.swift */,
				4DAA32E51BC76D3200FEDDB4 /* VisitorLoginView.swift */,
			);
			path = Main;
			sourceTree = "<group>";
		};
		4DCA98451BC2C39E00DD29ED /* Message */ = {
			isa = PBXGroup;
			children = (
				4DCA98541BC2C44700DD29ED /* Message.storyboard */,
				4DCA98561BC2C45100DD29ED /* MessageTableViewController.swift */,
			);
			path = Message;
			sourceTree = "<group>";
		};
		4DCA98461BC2C39E00DD29ED /* Profile */ = {
			isa = PBXGroup;
			children = (
				4DCA98581BC2C46000DD29ED /* ProfileTableViewController.swift */,
				4DCA985A1BC2C46900DD29ED /* Profile.storyboard */,
			);
			path = Profile;
			sourceTree = "<group>";
		};
		63C5144A6C2AF2B4E7360687 /* Pods */ = {
			isa = PBXGroup;
			children = (
				49293EE0E3774753842CF04C /* Pods.debug.xcconfig */,
				D065F32AD54749777CC17D25 /* Pods.release.xcconfig */,
			);
			name = Pods;
			sourceTree = "<group>";
		};
/* End PBXGroup section */

/* Begin PBXNativeTarget section */
		4DCA98031BC2B6A000DD29ED /* SinaWeiBoProject */ = {
			isa = PBXNativeTarget;
			buildConfigurationList = 4DCA982F1BC2B6A000DD29ED /* Build configuration list for PBXNativeTarget "SinaWeiBoProject" */;
			buildPhases = (
				1FF8D3AAC3EE71626BADF27C /* Check Pods Manifest.lock */,
				4DCA98001BC2B6A000DD29ED /* Sources */,
				4DCA98011BC2B6A000DD29ED /* Frameworks */,
				4DCA98021BC2B6A000DD29ED /* Resources */,
				A668FEA478322CF14ACFED4C /* Embed Pods Frameworks */,
				DB131C0CE3434A734DE4FF13 /* Copy Pods Resources */,
			);
			buildRules = (
			);
			dependencies = (
			);
			name = SinaWeiBoProject;
			productName = SinaWeiBoProject;
			productReference = 4DCA98041BC2B6A000DD29ED /* SinaWeiBoProject.app */;
			productType = "com.apple.product-type.application";
		};
		4DCA981A1BC2B6A000DD29ED /* SinaWeiBoProjectTests */ = {
			isa = PBXNativeTarget;
			buildConfigurationList = 4DCA98321BC2B6A000DD29ED /* Build configuration list for PBXNativeTarget "SinaWeiBoProjectTests" */;
			buildPhases = (
				4DCA98171BC2B6A000DD29ED /* Sources */,
				4DCA98181BC2B6A000DD29ED /* Frameworks */,
				4DCA98191BC2B6A000DD29ED /* Resources */,
			);
			buildRules = (
			);
			dependencies = (
				4DCA981D1BC2B6A000DD29ED /* PBXTargetDependency */,
			);
			name = SinaWeiBoProjectTests;
			productName = SinaWeiBoProjectTests;
			productReference = 4DCA981B1BC2B6A000DD29ED /* SinaWeiBoProjectTests.xctest */;
			productType = "com.apple.product-type.bundle.unit-test";
		};
		4DCA98251BC2B6A000DD29ED /* SinaWeiBoProjectUITests */ = {
			isa = PBXNativeTarget;
			buildConfigurationList = 4DCA98351BC2B6A000DD29ED /* Build configuration list for PBXNativeTarget "SinaWeiBoProjectUITests" */;
			buildPhases = (
				4DCA98221BC2B6A000DD29ED /* Sources */,
				4DCA98231BC2B6A000DD29ED /* Frameworks */,
				4DCA98241BC2B6A000DD29ED /* Resources */,
			);
			buildRules = (
			);
			dependencies = (
				4DCA98281BC2B6A000DD29ED /* PBXTargetDependency */,
			);
			name = SinaWeiBoProjectUITests;
			productName = SinaWeiBoProjectUITests;
			productReference = 4DCA98261BC2B6A000DD29ED /* SinaWeiBoProjectUITests.xctest */;
			productType = "com.apple.product-type.bundle.ui-testing";
		};
/* End PBXNativeTarget section */

/* Begin PBXProject section */
		4DCA97FC1BC2B6A000DD29ED /* Project object */ = {
			isa = PBXProject;
			attributes = {
				LastUpgradeCheck = 0700;
				ORGANIZATIONNAME = "房兰峰";
				TargetAttributes = {
					4DCA98031BC2B6A000DD29ED = {
						CreatedOnToolsVersion = 7.0;
					};
					4DCA981A1BC2B6A000DD29ED = {
						CreatedOnToolsVersion = 7.0;
						TestTargetID = 4DCA98031BC2B6A000DD29ED;
					};
					4DCA98251BC2B6A000DD29ED = {
						CreatedOnToolsVersion = 7.0;
						TestTargetID = 4DCA98031BC2B6A000DD29ED;
					};
				};
			};
			buildConfigurationList = 4DCA97FF1BC2B6A000DD29ED /* Build configuration list for PBXProject "SinaWeiBoProject" */;
			compatibilityVersion = "Xcode 3.2";
			developmentRegion = English;
			hasScannedForEncodings = 0;
			knownRegions = (
				en,
				Base,
			);
			mainGroup = 4DCA97FB1BC2B6A000DD29ED;
			productRefGroup = 4DCA98051BC2B6A000DD29ED /* Products */;
			projectDirPath = "";
			projectRoot = "";
			targets = (
				4DCA98031BC2B6A000DD29ED /* SinaWeiBoProject */,
				4DCA981A1BC2B6A000DD29ED /* SinaWeiBoProjectTests */,
				4DCA98251BC2B6A000DD29ED /* SinaWeiBoProjectUITests */,
			);
		};
/* End PBXProject section */

/* Begin PBXResourcesBuildPhase section */
		4DCA98021BC2B6A000DD29ED /* Resources */ = {
			isa = PBXResourcesBuildPhase;
			buildActionMask = 2147483647;
			files = (
				4DCA98151BC2B6A000DD29ED /* LaunchScreen.storyboard in Resources */,
				4DCA98121BC2B6A000DD29ED /* Assets.xcassets in Resources */,
				4DCA985B1BC2C46900DD29ED /* Profile.storyboard in Resources */,
				4DCA984D1BC2C3DB00DD29ED /* Discover.storyboard in Resources */,
				4DCA98551BC2C44700DD29ED /* Message.storyboard in Resources */,
			);
			runOnlyForDeploymentPostprocessing = 0;
		};
		4DCA98191BC2B6A000DD29ED /* Resources */ = {
			isa = PBXResourcesBuildPhase;
			buildActionMask = 2147483647;
			files = (
			);
			runOnlyForDeploymentPostprocessing = 0;
		};
		4DCA98241BC2B6A000DD29ED /* Resources */ = {
			isa = PBXResourcesBuildPhase;
			buildActionMask = 2147483647;
			files = (
			);
			runOnlyForDeploymentPostprocessing = 0;
		};
/* End PBXResourcesBuildPhase section */

/* Begin PBXShellScriptBuildPhase section */
		1FF8D3AAC3EE71626BADF27C /* Check Pods Manifest.lock */ = {
			isa = PBXShellScriptBuildPhase;
			buildActionMask = 2147483647;
			files = (
			);
			inputPaths = (
			);
			name = "Check Pods Manifest.lock";
			outputPaths = (
			);
			runOnlyForDeploymentPostprocessing = 0;
			shellPath = /bin/sh;
			shellScript = "diff \"${PODS_ROOT}/../Podfile.lock\" \"${PODS_ROOT}/Manifest.lock\" > /dev/null\nif [[ $? != 0 ]] ; then\n    cat << EOM\nerror: The sandbox is not in sync with the Podfile.lock. Run 'pod install' or update your CocoaPods installation.\nEOM\n    exit 1\nfi\n";
			showEnvVarsInLog = 0;
		};
		A668FEA478322CF14ACFED4C /* Embed Pods Frameworks */ = {
			isa = PBXShellScriptBuildPhase;
			buildActionMask = 2147483647;
			files = (
			);
			inputPaths = (
			);
			name = "Embed Pods Frameworks";
			outputPaths = (
			);
			runOnlyForDeploymentPostprocessing = 0;
			shellPath = /bin/sh;
			shellScript = "\"${SRCROOT}/Pods/Target Support Files/Pods/Pods-frameworks.sh\"\n";
			showEnvVarsInLog = 0;
		};
		DB131C0CE3434A734DE4FF13 /* Copy Pods Resources */ = {
			isa = PBXShellScriptBuildPhase;
			buildActionMask = 2147483647;
			files = (
			);
			inputPaths = (
			);
			name = "Copy Pods Resources";
			outputPaths = (
			);
			runOnlyForDeploymentPostprocessing = 0;
			shellPath = /bin/sh;
			shellScript = "\"${SRCROOT}/Pods/Target Support Files/Pods/Pods-resources.sh\"\n";
			showEnvVarsInLog = 0;
		};
/* End PBXShellScriptBuildPhase section */

/* Begin PBXSourcesBuildPhase section */
		4DCA98001BC2B6A000DD29ED /* Sources */ = {
			isa = PBXSourcesBuildPhase;
			buildActionMask = 2147483647;
			files = (
				4D7A43E91BCBD8FA002C60AB /* StatusViewModel.swift in Sources */,
				4D93D6441BC35DDF0061F80D /* BaseTableViewController.swift in Sources */,
				4D7A43D91BCBA202002C60AB /* StatusListViewModel.swift in Sources */,
				4D7A43D71BCB9FEA002C60AB /* UIView+AutoLayout.swift in Sources */,
				4D7A43E71BCBCC5D002C60AB /* User.swift in Sources */,
				4DCA98511BC2C42500DD29ED /* HomeTableViewController.swift in Sources */,
				4DCA98101BC2B6A000DD29ED /* SinaWeiBoProject.xcdatamodeld in Sources */,
				4DAA32E61BC76D3200FEDDB4 /* VisitorLoginView.swift in Sources */,
				4D6FDDA81BC7D307009EA744 /* OAuthViewController.swift in Sources */,
				4D7A43E01BCBB8B3002C60AB /* StatusCellBottomView.swift in Sources */,
				4DCCFD0E1BCE875F00D4C8CB /* StatusNormalCell.swift in Sources */,
				4D7A43E51BCBC351002C60AB /* UILabel+Extension.swift in Sources */,
				4D238D161BCA958600153FF8 /* WelcomeViewController.swift in Sources */,
				4D6FDDA21BC79FB8009EA744 /* CommonTools.swift in Sources */,
				4DA507D01BCD1A4C00F4F787 /* StatusPictureView.swift in Sources */,
				4D3C792D1BC9251900E27EFF /* UserAccount.swift in Sources */,
				4D77F1D41BCCA5C700883682 /* UIButton+Extension.swift in Sources */,
				4DCA98491BC2C3BB00DD29ED /* MainTabBarController.swift in Sources */,
				4D7A43DB1BCBA5BD002C60AB /* Status.swift in Sources */,
				4DCA984F1BC2C40B00DD29ED /* DiscoverTableViewController.swift in Sources */,
				4DCA985D1BC2CAE200DD29ED /* MainTabBar.swift in Sources */,
				4D7A43DE1BCBB89E002C60AB /* StatusCellTopView.swift in Sources */,
				4DC5E0AE1BCA534E00CB3A16 /* UserAccountViewModel.swift in Sources */,
				4D7A43E21BCBB8CF002C60AB /* StatusCell.swift in Sources */,
				4DCA98081BC2B6A000DD29ED /* AppDelegate.swift in Sources */,
				4D749E371BCE401600EB1BD3 /* StatusForwardCell.swift in Sources */,
				4DCA98591BC2C46000DD29ED /* ProfileTableViewController.swift in Sources */,
				4D6FDDD41BC7D7C4009EA744 /* NetworkTools.swift in Sources */,
				4D238D141BCA78D500153FF8 /* NewFeatureViewController.swift in Sources */,
				4DCA98571BC2C45100DD29ED /* MessageTableViewController.swift in Sources */,
			);
			runOnlyForDeploymentPostprocessing = 0;
		};
		4DCA98171BC2B6A000DD29ED /* Sources */ = {
			isa = PBXSourcesBuildPhase;
			buildActionMask = 2147483647;
			files = (
				4DCA98201BC2B6A000DD29ED /* SinaWeiBoProjectTests.swift in Sources */,
			);
			runOnlyForDeploymentPostprocessing = 0;
		};
		4DCA98221BC2B6A000DD29ED /* Sources */ = {
			isa = PBXSourcesBuildPhase;
			buildActionMask = 2147483647;
			files = (
				4DCA982B1BC2B6A000DD29ED /* SinaWeiBoProjectUITests.swift in Sources */,
			);
			runOnlyForDeploymentPostprocessing = 0;
		};
/* End PBXSourcesBuildPhase section */

/* Begin PBXTargetDependency section */
		4DCA981D1BC2B6A000DD29ED /* PBXTargetDependency */ = {
			isa = PBXTargetDependency;
			target = 4DCA98031BC2B6A000DD29ED /* SinaWeiBoProject */;
			targetProxy = 4DCA981C1BC2B6A000DD29ED /* PBXContainerItemProxy */;
		};
		4DCA98281BC2B6A000DD29ED /* PBXTargetDependency */ = {
			isa = PBXTargetDependency;
			target = 4DCA98031BC2B6A000DD29ED /* SinaWeiBoProject */;
			targetProxy = 4DCA98271BC2B6A000DD29ED /* PBXContainerItemProxy */;
		};
/* End PBXTargetDependency section */

/* Begin PBXVariantGroup section */
		4DCA98131BC2B6A000DD29ED /* LaunchScreen.storyboard */ = {
			isa = PBXVariantGroup;
			children = (
				4DCA98141BC2B6A000DD29ED /* Base */,
			);
			name = LaunchScreen.storyboard;
			sourceTree = "<group>";
		};
/* End PBXVariantGroup section */

/* Begin XCBuildConfiguration section */
		4DCA982D1BC2B6A000DD29ED /* Debug */ = {
			isa = XCBuildConfiguration;
			buildSettings = {
				ALWAYS_SEARCH_USER_PATHS = NO;
				CLANG_CXX_LANGUAGE_STANDARD = "gnu++0x";
				CLANG_CXX_LIBRARY = "libc++";
				CLANG_ENABLE_MODULES = YES;
				CLANG_ENABLE_OBJC_ARC = YES;
				CLANG_WARN_BOOL_CONVERSION = YES;
				CLANG_WARN_CONSTANT_CONVERSION = YES;
				CLANG_WARN_DIRECT_OBJC_ISA_USAGE = YES_ERROR;
				CLANG_WARN_EMPTY_BODY = YES;
				CLANG_WARN_ENUM_CONVERSION = YES;
				CLANG_WARN_INT_CONVERSION = YES;
				CLANG_WARN_OBJC_ROOT_CLASS = YES_ERROR;
				CLANG_WARN_UNREACHABLE_CODE = YES;
				CLANG_WARN__DUPLICATE_METHOD_MATCH = YES;
				"CODE_SIGN_IDENTITY[sdk=iphoneos*]" = "iPhone Developer";
				COPY_PHASE_STRIP = NO;
				DEBUG_INFORMATION_FORMAT = dwarf;
				ENABLE_STRICT_OBJC_MSGSEND = YES;
				ENABLE_TESTABILITY = YES;
				GCC_C_LANGUAGE_STANDARD = gnu99;
				GCC_DYNAMIC_NO_PIC = NO;
				GCC_NO_COMMON_BLOCKS = YES;
				GCC_OPTIMIZATION_LEVEL = 0;
				GCC_PREPROCESSOR_DEFINITIONS = (
					"DEBUG=1",
					"$(inherited)",
				);
				GCC_WARN_64_TO_32_BIT_CONVERSION = YES;
				GCC_WARN_ABOUT_RETURN_TYPE = YES_ERROR;
				GCC_WARN_UNDECLARED_SELECTOR = YES;
				GCC_WARN_UNINITIALIZED_AUTOS = YES_AGGRESSIVE;
				GCC_WARN_UNUSED_FUNCTION = YES;
				GCC_WARN_UNUSED_VARIABLE = YES;
				IPHONEOS_DEPLOYMENT_TARGET = 9.0;
				MTL_ENABLE_DEBUG_INFO = YES;
				ONLY_ACTIVE_ARCH = YES;
				SDKROOT = iphoneos;
				SWIFT_OPTIMIZATION_LEVEL = "-Onone";
			};
			name = Debug;
		};
		4DCA982E1BC2B6A000DD29ED /* Release */ = {
			isa = XCBuildConfiguration;
			buildSettings = {
				ALWAYS_SEARCH_USER_PATHS = NO;
				CLANG_CXX_LANGUAGE_STANDARD = "gnu++0x";
				CLANG_CXX_LIBRARY = "libc++";
				CLANG_ENABLE_MODULES = YES;
				CLANG_ENABLE_OBJC_ARC = YES;
				CLANG_WARN_BOOL_CONVERSION = YES;
				CLANG_WARN_CONSTANT_CONVERSION = YES;
				CLANG_WARN_DIRECT_OBJC_ISA_USAGE = YES_ERROR;
				CLANG_WARN_EMPTY_BODY = YES;
				CLANG_WARN_ENUM_CONVERSION = YES;
				CLANG_WARN_INT_CONVERSION = YES;
				CLANG_WARN_OBJC_ROOT_CLASS = YES_ERROR;
				CLANG_WARN_UNREACHABLE_CODE = YES;
				CLANG_WARN__DUPLICATE_METHOD_MATCH = YES;
				"CODE_SIGN_IDENTITY[sdk=iphoneos*]" = "iPhone Developer";
				COPY_PHASE_STRIP = NO;
				DEBUG_INFORMATION_FORMAT = "dwarf-with-dsym";
				ENABLE_NS_ASSERTIONS = NO;
				ENABLE_STRICT_OBJC_MSGSEND = YES;
				GCC_C_LANGUAGE_STANDARD = gnu99;
				GCC_NO_COMMON_BLOCKS = YES;
				GCC_WARN_64_TO_32_BIT_CONVERSION = YES;
				GCC_WARN_ABOUT_RETURN_TYPE = YES_ERROR;
				GCC_WARN_UNDECLARED_SELECTOR = YES;
				GCC_WARN_UNINITIALIZED_AUTOS = YES_AGGRESSIVE;
				GCC_WARN_UNUSED_FUNCTION = YES;
				GCC_WARN_UNUSED_VARIABLE = YES;
				IPHONEOS_DEPLOYMENT_TARGET = 9.0;
				MTL_ENABLE_DEBUG_INFO = NO;
				SDKROOT = iphoneos;
				VALIDATE_PRODUCT = YES;
			};
			name = Release;
		};
		4DCA98301BC2B6A000DD29ED /* Debug */ = {
			isa = XCBuildConfiguration;
			baseConfigurationReference = 49293EE0E3774753842CF04C /* Pods.debug.xcconfig */;
			buildSettings = {
				ASSETCATALOG_COMPILER_APPICON_NAME = AppIcon;
				ASSETCATALOG_COMPILER_LAUNCHIMAGE_NAME = BrandAsset;
				INFOPLIST_FILE = SinaWeiBoProject/Info.plist;
				IPHONEOS_DEPLOYMENT_TARGET = 8.4;
				LD_RUNPATH_SEARCH_PATHS = "$(inherited) @executable_path/Frameworks";
				OTHER_SWIFT_FLAGS = "-D DEBUG";
				PRODUCT_BUNDLE_IDENTIFIER = cn.apple.SinaWeiBoProject;
				PRODUCT_NAME = "$(TARGET_NAME)";
			};
			name = Debug;
		};
		4DCA98311BC2B6A000DD29ED /* Release */ = {
			isa = XCBuildConfiguration;
			baseConfigurationReference = D065F32AD54749777CC17D25 /* Pods.release.xcconfig */;
			buildSettings = {
				ASSETCATALOG_COMPILER_APPICON_NAME = AppIcon;
				ASSETCATALOG_COMPILER_LAUNCHIMAGE_NAME = BrandAsset;
				INFOPLIST_FILE = SinaWeiBoProject/Info.plist;
				IPHONEOS_DEPLOYMENT_TARGET = 8.4;
				LD_RUNPATH_SEARCH_PATHS = "$(inherited) @executable_path/Frameworks";
				OTHER_SWIFT_FLAGS = "-D DEBUG";
				PRODUCT_BUNDLE_IDENTIFIER = cn.apple.SinaWeiBoProject;
				PRODUCT_NAME = "$(TARGET_NAME)";
			};
			name = Release;
		};
		4DCA98331BC2B6A000DD29ED /* Debug */ = {
			isa = XCBuildConfiguration;
			buildSettings = {
				BUNDLE_LOADER = "$(TEST_HOST)";
				INFOPLIST_FILE = SinaWeiBoProjectTests/Info.plist;
				LD_RUNPATH_SEARCH_PATHS = "$(inherited) @executable_path/Frameworks @loader_path/Frameworks";
				PRODUCT_BUNDLE_IDENTIFIER = cn.apple.SinaWeiBoProjectTests;
				PRODUCT_NAME = "$(TARGET_NAME)";
				TEST_HOST = "$(BUILT_PRODUCTS_DIR)/SinaWeiBoProject.app/SinaWeiBoProject";
			};
			name = Debug;
		};
		4DCA98341BC2B6A000DD29ED /* Release */ = {
			isa = XCBuildConfiguration;
			buildSettings = {
				BUNDLE_LOADER = "$(TEST_HOST)";
				INFOPLIST_FILE = SinaWeiBoProjectTests/Info.plist;
				LD_RUNPATH_SEARCH_PATHS = "$(inherited) @executable_path/Frameworks @loader_path/Frameworks";
				PRODUCT_BUNDLE_IDENTIFIER = cn.apple.SinaWeiBoProjectTests;
				PRODUCT_NAME = "$(TARGET_NAME)";
				TEST_HOST = "$(BUILT_PRODUCTS_DIR)/SinaWeiBoProject.app/SinaWeiBoProject";
			};
			name = Release;
		};
		4DCA98361BC2B6A000DD29ED /* Debug */ = {
			isa = XCBuildConfiguration;
			buildSettings = {
				INFOPLIST_FILE = SinaWeiBoProjectUITests/Info.plist;
				LD_RUNPATH_SEARCH_PATHS = "$(inherited) @executable_path/Frameworks @loader_path/Frameworks";
				PRODUCT_BUNDLE_IDENTIFIER = cn.apple.SinaWeiBoProjectUITests;
				PRODUCT_NAME = "$(TARGET_NAME)";
				TEST_TARGET_NAME = SinaWeiBoProject;
				USES_XCTRUNNER = YES;
			};
			name = Debug;
		};
		4DCA98371BC2B6A000DD29ED /* Release */ = {
			isa = XCBuildConfiguration;
			buildSettings = {
				INFOPLIST_FILE = SinaWeiBoProjectUITests/Info.plist;
				LD_RUNPATH_SEARCH_PATHS = "$(inherited) @executable_path/Frameworks @loader_path/Frameworks";
				PRODUCT_BUNDLE_IDENTIFIER = cn.apple.SinaWeiBoProjectUITests;
				PRODUCT_NAME = "$(TARGET_NAME)";
				TEST_TARGET_NAME = SinaWeiBoProject;
				USES_XCTRUNNER = YES;
			};
			name = Release;
		};
/* End XCBuildConfiguration section */

/* Begin XCConfigurationList section */
		4DCA97FF1BC2B6A000DD29ED /* Build configuration list for PBXProject "SinaWeiBoProject" */ = {
			isa = XCConfigurationList;
			buildConfigurations = (
				4DCA982D1BC2B6A000DD29ED /* Debug */,
				4DCA982E1BC2B6A000DD29ED /* Release */,
			);
			defaultConfigurationIsVisible = 0;
			defaultConfigurationName = Release;
		};
		4DCA982F1BC2B6A000DD29ED /* Build configuration list for PBXNativeTarget "SinaWeiBoProject" */ = {
			isa = XCConfigurationList;
			buildConfigurations = (
				4DCA98301BC2B6A000DD29ED /* Debug */,
				4DCA98311BC2B6A000DD29ED /* Release */,
			);
			defaultConfigurationIsVisible = 0;
			defaultConfigurationName = Release;
		};
		4DCA98321BC2B6A000DD29ED /* Build configuration list for PBXNativeTarget "SinaWeiBoProjectTests" */ = {
			isa = XCConfigurationList;
			buildConfigurations = (
				4DCA98331BC2B6A000DD29ED /* Debug */,
				4DCA98341BC2B6A000DD29ED /* Release */,
			);
			defaultConfigurationIsVisible = 0;
			defaultConfigurationName = Release;
		};
		4DCA98351BC2B6A000DD29ED /* Build configuration list for PBXNativeTarget "SinaWeiBoProjectUITests" */ = {
			isa = XCConfigurationList;
			buildConfigurations = (
				4DCA98361BC2B6A000DD29ED /* Debug */,
				4DCA98371BC2B6A000DD29ED /* Release */,
			);
			defaultConfigurationIsVisible = 0;
			defaultConfigurationName = Release;
		};
/* End XCConfigurationList section */

/* Begin XCVersionGroup section */
		4DCA980E1BC2B6A000DD29ED /* SinaWeiBoProject.xcdatamodeld */ = {
			isa = XCVersionGroup;
			children = (
				4DCA980F1BC2B6A000DD29ED /* SinaWeiBoProject.xcdatamodel */,
			);
			currentVersion = 4DCA980F1BC2B6A000DD29ED /* SinaWeiBoProject.xcdatamodel */;
			path = SinaWeiBoProject.xcdatamodeld;
			sourceTree = "<group>";
			versionGroupType = wrapper.xcdatamodel;
		};
/* End XCVersionGroup section */
	};
	rootObject = 4DCA97FC1BC2B6A000DD29ED /* Project object */;
}
